
Microsoft Visual Studio Solution File, Format Version 12.00
# Visual Studio Version 17
VisualStudioVersion = 17.9.34902.65
MinimumVisualStudioVersion = 10.0.40219.1
Project("{9A19103F-16F7-4668-BE54-9A1E7A4F7556}") = "MoneyTrack", "MoneyTrack\MoneyTrack.csproj", "{45FDFDC0-A2B4-40B1-8EFE-9407021401C7}"
EndProject
Global
	GlobalSection(SolutionConfigurationPlatforms) = preSolution
		Debug|Any CPU = Debug|Any CPU
		Release|Any CPU = Release|Any CPU
	EndGlobalSection
	GlobalSection(ProjectConfigurationPlatforms) = postSolution
		{45FDFDC0-A2B4-40B1-8EFE-9407021401C7}.Debug|Any CPU.ActiveCfg = Debug|Any CPU
		{45FDFDC0-A2B4-40B1-8EFE-9407021401C7}.Debug|Any CPU.Build.0 = Debug|Any CPU
		{45FDFDC0-A2B4-40B1-8EFE-9407021401C7}.Release|Any CPU.ActiveCfg = Release|Any CPU
		{45FDFDC0-A2B4-40B1-8EFE-9407021401C7}.Release|Any CPU.Build.0 = Release|Any CPU
	EndGlobalSection
	GlobalSection(SolutionProperties) = preSolution
		HideSolutionNode = FALSE
	EndGlobalSection
	GlobalSection(ExtensibilityGlobals) = postSolution
		SolutionGuid = {B9870764-E031-457E-B6B5-856E66CCDD28}
	EndGlobalSection
EndGlobal
